
Microsoft Visual Studio Solution File, Format Version 12.00
# Visual Studio 15
VisualStudioVersion = 15.0.28307.136
MinimumVisualStudioVersion = 10.0.40219.1
Project("{9A19103F-16F7-4668-BE54-9A1E7A4F7556}") = "AspNetCoreSpa", "AspNetCoreSpa\AspNetCoreSpa.csproj", "{C72C445E-F59B-491C-B36A-E2B6ED78B77B}"
EndProject
Project("{FAE04EC0-301F-11D3-BF4B-00C04F79EFBC}") = "Blog.Web", "Blog.Web\Blog.Web.csproj", "{0DE4BA77-7993-4467-95A2-D26BAE076816}"
EndProject
Project("{FAE04EC0-301F-11D3-BF4B-00C04F79EFBC}") = "Blog.Dal", "Blog.Dal\Blog.Dal.csproj", "{0D28D047-3BB4-47A5-BABF-7909C7EBE4A7}"
EndProject
Global
	GlobalSection(SolutionConfigurationPlatforms) = preSolution
		Debug|Any CPU = Debug|Any CPU
		Release|Any CPU = Release|Any CPU
	EndGlobalSection
	GlobalSection(ProjectConfigurationPlatforms) = postSolution
		{C72C445E-F59B-491C-B36A-E2B6ED78B77B}.Debug|Any CPU.ActiveCfg = Debug|Any CPU
		{C72C445E-F59B-491C-B36A-E2B6ED78B77B}.Debug|Any CPU.Build.0 = Debug|Any CPU
		{C72C445E-F59B-491C-B36A-E2B6ED78B77B}.Release|Any CPU.ActiveCfg = Release|Any CPU
		{C72C445E-F59B-491C-B36A-E2B6ED78B77B}.Release|Any CPU.Build.0 = Release|Any CPU
		{0DE4BA77-7993-4467-95A2-D26BAE076816}.Debug|Any CPU.ActiveCfg = Debug|Any CPU
		{0DE4BA77-7993-4467-95A2-D26BAE076816}.Debug|Any CPU.Build.0 = Debug|Any CPU
		{0DE4BA77-7993-4467-95A2-D26BAE076816}.Release|Any CPU.ActiveCfg = Release|Any CPU
		{0DE4BA77-7993-4467-95A2-D26BAE076816}.Release|Any CPU.Build.0 = Release|Any CPU
		{0D28D047-3BB4-47A5-BABF-7909C7EBE4A7}.Debug|Any CPU.ActiveCfg = Debug|Any CPU
		{0D28D047-3BB4-47A5-BABF-7909C7EBE4A7}.Debug|Any CPU.Build.0 = Debug|Any CPU
		{0D28D047-3BB4-47A5-BABF-7909C7EBE4A7}.Release|Any CPU.ActiveCfg = Release|Any CPU
		{0D28D047-3BB4-47A5-BABF-7909C7EBE4A7}.Release|Any CPU.Build.0 = Release|Any CPU
	EndGlobalSection
	GlobalSection(SolutionProperties) = preSolution
		HideSolutionNode = FALSE
	EndGlobalSection
	GlobalSection(ExtensibilityGlobals) = postSolution
		SolutionGuid = {3C6F36CB-8902-4E2D-9F13-4ACAA30503C0}
	EndGlobalSection
EndGlobal
